
Microsoft Visual Studio Solution File, Format Version 12.00
# Visual Studio Version 17
VisualStudioVersion = 17.6.33815.320
MinimumVisualStudioVersion = 10.0.40219.1
Project("{9A19103F-16F7-4668-BE54-9A1E7A4F7556}") = "MinimalApis.Demo", "MinimalApis.Demo\MinimalApis.Demo.csproj", "{39D01707-EDFF-49E1-BB56-CCE26609E42D}"
EndProject
Project("{9A19103F-16F7-4668-BE54-9A1E7A4F7556}") = "MinimalApis.Demo.Models", "MinimalApis.Demo.Models\MinimalApis.Demo.Models.csproj", "{CAE16294-36DF-4903-BC44-A5570C237843}"
EndProject
Project("{FAE04EC0-301F-11D3-BF4B-00C04F79EFBC}") = "MinimalApis.Demo.Context", "MinimalApis.Demo.Context\MinimalApis.Demo.Context.csproj", "{25DBE850-D1EC-44D1-ADF6-ADB95E6AF4D7}"
EndProject
Global
	GlobalSection(SolutionConfigurationPlatforms) = preSolution
		Debug|Any CPU = Debug|Any CPU
		Release|Any CPU = Release|Any CPU
	EndGlobalSection
	GlobalSection(ProjectConfigurationPlatforms) = postSolution
		{39D01707-EDFF-49E1-BB56-CCE26609E42D}.Debug|Any CPU.ActiveCfg = Debug|Any CPU
		{39D01707-EDFF-49E1-BB56-CCE26609E42D}.Debug|Any CPU.Build.0 = Debug|Any CPU
		{39D01707-EDFF-49E1-BB56-CCE26609E42D}.Release|Any CPU.ActiveCfg = Release|Any CPU
		{39D01707-EDFF-49E1-BB56-CCE26609E42D}.Release|Any CPU.Build.0 = Release|Any CPU
		{CAE16294-36DF-4903-BC44-A5570C237843}.Debug|Any CPU.ActiveCfg = Debug|Any CPU
		{CAE16294-36DF-4903-BC44-A5570C237843}.Debug|Any CPU.Build.0 = Debug|Any CPU
		{CAE16294-36DF-4903-BC44-A5570C237843}.Release|Any CPU.ActiveCfg = Release|Any CPU
		{CAE16294-36DF-4903-BC44-A5570C237843}.Release|Any CPU.Build.0 = Release|Any CPU
		{25DBE850-D1EC-44D1-ADF6-ADB95E6AF4D7}.Debug|Any CPU.ActiveCfg = Debug|Any CPU
		{25DBE850-D1EC-44D1-ADF6-ADB95E6AF4D7}.Debug|Any CPU.Build.0 = Debug|Any CPU
		{25DBE850-D1EC-44D1-ADF6-ADB95E6AF4D7}.Release|Any CPU.ActiveCfg = Release|Any CPU
		{25DBE850-D1EC-44D1-ADF6-ADB95E6AF4D7}.Release|Any CPU.Build.0 = Release|Any CPU
	EndGlobalSection
	GlobalSection(SolutionProperties) = preSolution
		HideSolutionNode = FALSE
	EndGlobalSection
	GlobalSection(ExtensibilityGlobals) = postSolution
		SolutionGuid = {BD9A893F-5BE7-4C46-A8AD-587B16624C24}
	EndGlobalSection
EndGlobal
